// !$*UTF8*$!
{
	archiveVersion = 1;
	classes = {
	};
	objectVersion = 77;
	objects = {

/* Begin PBXContainerItemProxy section */
		ED93FF672CF3BD2E0048C4A1 /* PBXContainerItemProxy */ = {
			isa = PBXContainerItemProxy;
			containerPortal = ED93FF4E2CF3BD2B0048C4A1 /* Project object */;
			proxyType = 1;
			remoteGlobalIDString = ED93FF552CF3BD2B0048C4A1;
			remoteInfo = AppFoundationsOfComputerScience;
		};
		ED93FF712CF3BD2E0048C4A1 /* PBXContainerItemProxy */ = {
			isa = PBXContainerItemProxy;
			containerPortal = ED93FF4E2CF3BD2B0048C4A1 /* Project object */;
			proxyType = 1;
			remoteGlobalIDString = ED93FF552CF3BD2B0048C4A1;
			remoteInfo = AppFoundationsOfComputerScience;
		};
/* End PBXContainerItemProxy section */

/* Begin PBXFileReference section */
		ED93FF562CF3BD2B0048C4A1 /* AppFoundationsOfComputerScience.app */ = {isa = PBXFileReference; explicitFileType = wrapper.application; includeInIndex = 0; path = AppFoundationsOfComputerScience.app; sourceTree = BUILT_PRODUCTS_DIR; };
		ED93FF662CF3BD2E0048C4A1 /* AppFoundationsOfComputerScienceTests.xctest */ = {isa = PBXFileReference; explicitFileType = wrapper.cfbundle; includeInIndex = 0; path = AppFoundationsOfComputerScienceTests.xctest; sourceTree = BUILT_PRODUCTS_DIR; };
		ED93FF702CF3BD2E0048C4A1 /* AppFoundationsOfComputerScienceUITests.xctest */ = {isa = PBXFileReference; explicitFileType = wrapper.cfbundle; includeInIndex = 0; path = AppFoundationsOfComputerScienceUITests.xctest; sourceTree = BUILT_PRODUCTS_DIR; };
/* End PBXFileReference section */

/* Begin PBXFileSystemSynchronizedRootGroup section */
		ED93FF582CF3BD2B0048C4A1 /* AppFoundationsOfComputerScience */ = {
			isa = PBXFileSystemSynchronizedRootGroup;
			path = AppFoundationsOfComputerScience;
			sourceTree = "<group>";
		};
		ED93FF692CF3BD2E0048C4A1 /* AppFoundationsOfComputerScienceTests */ = {
			isa = PBXFileSystemSynchronizedRootGroup;
			path = AppFoundationsOfComputerScienceTests;
			sourceTree = "<group>";
		};
		ED93FF732CF3BD2E0048C4A1 /* AppFoundationsOfComputerScienceUITests */ = {
			isa = PBXFileSystemSynchronizedRootGroup;
			path = AppFoundationsOfComputerScienceUITests;
			sourceTree = "<group>";
		};
/* End PBXFileSystemSynchronizedRootGroup section */

/* Begin PBXFrameworksBuildPhase section */
		ED93FF532CF3BD2B0048C4A1 /* Frameworks */ = {
			isa = PBXFrameworksBuildPhase;
			buildActionMask = 2147483647;
			files = (
			);
			runOnlyForDeploymentPostprocessing = 0;
		};
		ED93FF632CF3BD2E0048C4A1 /* Frameworks */ = {
			isa = PBXFrameworksBuildPhase;
			buildActionMask = 2147483647;
			files = (
			);
			runOnlyForDeploymentPostprocessing = 0;
		};
		ED93FF6D2CF3BD2E0048C4A1 /* Frameworks */ = {
			isa = PBXFrameworksBuildPhase;
			buildActionMask = 2147483647;
			files = (
			);
			runOnlyForDeploymentPostprocessing = 0;
		};
/* End PBXFrameworksBuildPhase section */

/* Begin PBXGroup section */
		ED93FF4D2CF3BD2B0048C4A1 = {
			isa = PBXGroup;
			children = (
				ED93FF582CF3BD2B0048C4A1 /* AppFoundationsOfComputerScience */,
				ED93FF692CF3BD2E0048C4A1 /* AppFoundationsOfComputerScienceTests */,
				ED93FF732CF3BD2E0048C4A1 /* AppFoundationsOfComputerScienceUITests */,
				ED93FF572CF3BD2B0048C4A1 /* Products */,
			);
			sourceTree = "<group>";
		};
		ED93FF572CF3BD2B0048C4A1 /* Products */ = {
			isa = PBXGroup;
			children = (
				ED93FF562CF3BD2B0048C4A1 /* AppFoundationsOfComputerScience.app */,
				ED93FF662CF3BD2E0048C4A1 /* AppFoundationsOfComputerScienceTests.xctest */,
				ED93FF702CF3BD2E0048C4A1 /* AppFoundationsOfComputerScienceUITests.xctest */,
			);
			name = Products;
			sourceTree = "<group>";
		};
/* End PBXGroup section */

/* Begin PBXNativeTarget section */
		ED93FF552CF3BD2B0048C4A1 /* AppFoundationsOfComputerScience */ = {
			isa = PBXNativeTarget;
			buildConfigurationList = ED93FF7A2CF3BD2E0048C4A1 /* Build configuration list for PBXNativeTarget "AppFoundationsOfComputerScience" */;
			buildPhases = (
				ED93FF522CF3BD2B0048C4A1 /* Sources */,
				ED93FF532CF3BD2B0048C4A1 /* Frameworks */,
				ED93FF542CF3BD2B0048C4A1 /* Resources */,
			);
			buildRules = (
			);
			dependencies = (
			);
			fileSystemSynchronizedGroups = (
				ED93FF582CF3BD2B0048C4A1 /* AppFoundationsOfComputerScience */,
			);
			name = AppFoundationsOfComputerScience;
			packageProductDependencies = (
			);
			productName = AppFoundationsOfComputerScience;
			productReference = ED93FF562CF3BD2B0048C4A1 /* AppFoundationsOfComputerScience.app */;
			productType = "com.apple.product-type.application";
		};
		ED93FF652CF3BD2E0048C4A1 /* AppFoundationsOfComputerScienceTests */ = {
			isa = PBXNativeTarget;
			buildConfigurationList = ED93FF7D2CF3BD2E0048C4A1 /* Build configuration list for PBXNativeTarget "AppFoundationsOfComputerScienceTests" */;
			buildPhases = (
				ED93FF622CF3BD2E0048C4A1 /* Sources */,
				ED93FF632CF3BD2E0048C4A1 /* Frameworks */,
				ED93FF642CF3BD2E0048C4A1 /* Resources */,
			);
			buildRules = (
			);
			dependencies = (
				ED93FF682CF3BD2E0048C4A1 /* PBXTargetDependency */,
			);
			fileSystemSynchronizedGroups = (
				ED93FF692CF3BD2E0048C4A1 /* AppFoundationsOfComputerScienceTests */,
			);
			name = AppFoundationsOfComputerScienceTests;
			packageProductDependencies = (
			);
			productName = AppFoundationsOfComputerScienceTests;
			productReference = ED93FF662CF3BD2E0048C4A1 /* AppFoundationsOfComputerScienceTests.xctest */;
			productType = "com.apple.product-type.bundle.unit-test";
		};
		ED93FF6F2CF3BD2E0048C4A1 /* AppFoundationsOfComputerScienceUITests */ = {
			isa = PBXNativeTarget;
			buildConfigurationList = ED93FF802CF3BD2E0048C4A1 /* Build configuration list for PBXNativeTarget "AppFoundationsOfComputerScienceUITests" */;
			buildPhases = (
				ED93FF6C2CF3BD2E0048C4A1 /* Sources */,
				ED93FF6D2CF3BD2E0048C4A1 /* Frameworks */,
				ED93FF6E2CF3BD2E0048C4A1 /* Resources */,
			);
			buildRules = (
			);
			dependencies = (
				ED93FF722CF3BD2E0048C4A1 /* PBXTargetDependency */,
			);
			fileSystemSynchronizedGroups = (
				ED93FF732CF3BD2E0048C4A1 /* AppFoundationsOfComputerScienceUITests */,
			);
			name = AppFoundationsOfComputerScienceUITests;
			packageProductDependencies = (
			);
			productName = AppFoundationsOfComputerScienceUITests;
			productReference = ED93FF702CF3BD2E0048C4A1 /* AppFoundationsOfComputerScienceUITests.xctest */;
			productType = "com.apple.product-type.bundle.ui-testing";
		};
/* End PBXNativeTarget section */

/* Begin PBXProject section */
		ED93FF4E2CF3BD2B0048C4A1 /* Project object */ = {
			isa = PBXProject;
			attributes = {
				BuildIndependentTargetsInParallel = 1;
				LastSwiftUpdateCheck = 1610;
				LastUpgradeCheck = 1610;
				TargetAttributes = {
					ED93FF552CF3BD2B0048C4A1 = {
						CreatedOnToolsVersion = 16.1;
					};
					ED93FF652CF3BD2E0048C4A1 = {
						CreatedOnToolsVersion = 16.1;
						TestTargetID = ED93FF552CF3BD2B0048C4A1;
					};
					ED93FF6F2CF3BD2E0048C4A1 = {
						CreatedOnToolsVersion = 16.1;
						TestTargetID = ED93FF552CF3BD2B0048C4A1;
					};
				};
			};
			buildConfigurationList = ED93FF512CF3BD2B0048C4A1 /* Build configuration list for PBXProject "AppFoundationsOfComputerScience" */;
			developmentRegion = en;
			hasScannedForEncodings = 0;
			knownRegions = (
				en,
				Base,
			);
			mainGroup = ED93FF4D2CF3BD2B0048C4A1;
			minimizedProjectReferenceProxies = 1;
			preferredProjectObjectVersion = 77;
			productRefGroup = ED93FF572CF3BD2B0048C4A1 /* Products */;
			projectDirPath = "";
			projectRoot = "";
			targets = (
				ED93FF552CF3BD2B0048C4A1 /* AppFoundationsOfComputerScience */,
				ED93FF652CF3BD2E0048C4A1 /* AppFoundationsOfComputerScienceTests */,
				ED93FF6F2CF3BD2E0048C4A1 /* AppFoundationsOfComputerScienceUITests */,
			);
		};
/* End PBXProject section */

/* Begin PBXResourcesBuildPhase section */
		ED93FF542CF3BD2B0048C4A1 /* Resources */ = {
			isa = PBXResourcesBuildPhase;
			buildActionMask = 2147483647;
			files = (
			);
			runOnlyForDeploymentPostprocessing = 0;
		};
		ED93FF642CF3BD2E0048C4A1 /* Resources */ = {
			isa = PBXResourcesBuildPhase;
			buildActionMask = 2147483647;
			files = (
			);
			runOnlyForDeploymentPostprocessing = 0;
		};
		ED93FF6E2CF3BD2E0048C4A1 /* Resources */ = {
			isa = PBXResourcesBuildPhase;
			buildActionMask = 2147483647;
			files = (
			);
			runOnlyForDeploymentPostprocessing = 0;
		};
/* End PBXResourcesBuildPhase section */

/* Begin PBXSourcesBuildPhase section */
		ED93FF522CF3BD2B0048C4A1 /* Sources */ = {
			isa = PBXSourcesBuildPhase;
			buildActionMask = 2147483647;
			files = (
			);
			runOnlyForDeploymentPostprocessing = 0;
		};
		ED93FF622CF3BD2E0048C4A1 /* Sources */ = {
			isa = PBXSourcesBuildPhase;
			buildActionMask = 2147483647;
			files = (
			);
			runOnlyForDeploymentPostprocessing = 0;
		};
		ED93FF6C2CF3BD2E0048C4A1 /* Sources */ = {
			isa = PBXSourcesBuildPhase;
			buildActionMask = 2147483647;
			files = (
			);
			runOnlyForDeploymentPostprocessing = 0;
		};
/* End PBXSourcesBuildPhase section */

/* Begin PBXTargetDependency section */
		ED93FF682CF3BD2E0048C4A1 /* PBXTargetDependency */ = {
			isa = PBXTargetDependency;
			target = ED93FF552CF3BD2B0048C4A1 /* AppFoundationsOfComputerScience */;
			targetProxy = ED93FF672CF3BD2E0048C4A1 /* PBXContainerItemProxy */;
		};
		ED93FF722CF3BD2E0048C4A1 /* PBXTargetDependency */ = {
			isa = PBXTargetDependency;
			target = ED93FF552CF3BD2B0048C4A1 /* AppFoundationsOfComputerScience */;
			targetProxy = ED93FF712CF3BD2E0048C4A1 /* PBXContainerItemProxy */;
		};
/* End PBXTargetDependency section */

/* Begin XCBuildConfiguration section */
		ED93FF782CF3BD2E0048C4A1 /* Debug */ = {
			isa = XCBuildConfiguration;
			buildSettings = {
				ALWAYS_SEARCH_USER_PATHS = NO;
				ASSETCATALOG_COMPILER_GENERATE_SWIFT_ASSET_SYMBOL_EXTENSIONS = YES;
				CLANG_ANALYZER_NONNULL = YES;
				CLANG_ANALYZER_NUMBER_OBJECT_CONVERSION = YES_AGGRESSIVE;
				CLANG_CXX_LANGUAGE_STANDARD = "gnu++20";
				CLANG_ENABLE_MODULES = YES;
				CLANG_ENABLE_OBJC_ARC = YES;
				CLANG_ENABLE_OBJC_WEAK = YES;
				CLANG_WARN_BLOCK_CAPTURE_AUTORELEASING = YES;
				CLANG_WARN_BOOL_CONVERSION = YES;
				CLANG_WARN_COMMA = YES;
				CLANG_WARN_CONSTANT_CONVERSION = YES;
				CLANG_WARN_DEPRECATED_OBJC_IMPLEMENTATIONS = YES;
				CLANG_WARN_DIRECT_OBJC_ISA_USAGE = YES_ERROR;
				CLANG_WARN_DOCUMENTATION_COMMENTS = YES;
				CLANG_WARN_EMPTY_BODY = YES;
				CLANG_WARN_ENUM_CONVERSION = YES;
				CLANG_WARN_INFINITE_RECURSION = YES;
				CLANG_WARN_INT_CONVERSION = YES;
				CLANG_WARN_NON_LITERAL_NULL_CONVERSION = YES;
				CLANG_WARN_OBJC_IMPLICIT_RETAIN_SELF = YES;
				CLANG_WARN_OBJC_LITERAL_CONVERSION = YES;
				CLANG_WARN_OBJC_ROOT_CLASS = YES_ERROR;
				CLANG_WARN_QUOTED_INCLUDE_IN_FRAMEWORK_HEADER = YES;
				CLANG_WARN_RANGE_LOOP_ANALYSIS = YES;
				CLANG_WARN_STRICT_PROTOTYPES = YES;
				CLANG_WARN_SUSPICIOUS_MOVE = YES;
				CLANG_WARN_UNGUARDED_AVAILABILITY = YES_AGGRESSIVE;
				CLANG_WARN_UNREACHABLE_CODE = YES;
				CLANG_WARN__DUPLICATE_METHOD_MATCH = YES;
				COPY_PHASE_STRIP = NO;
				DEBUG_INFORMATION_FORMAT = dwarf;
				ENABLE_STRICT_OBJC_MSGSEND = YES;
				ENABLE_TESTABILITY = YES;
				ENABLE_USER_SCRIPT_SANDBOXING = YES;
				GCC_C_LANGUAGE_STANDARD = gnu17;
				GCC_DYNAMIC_NO_PIC = NO;
				GCC_NO_COMMON_BLOCKS = YES;
				GCC_OPTIMIZATION_LEVEL = 0;
				GCC_PREPROCESSOR_DEFINITIONS = (
					"DEBUG=1",
					"$(inherited)",
				);
				GCC_WARN_64_TO_32_BIT_CONVERSION = YES;
				GCC_WARN_ABOUT_RETURN_TYPE = YES_ERROR;
				GCC_WARN_UNDECLARED_SELECTOR = YES;
				GCC_WARN_UNINITIALIZED_AUTOS = YES_AGGRESSIVE;
				GCC_WARN_UNUSED_FUNCTION = YES;
				GCC_WARN_UNUSED_VARIABLE = YES;
				IPHONEOS_DEPLOYMENT_TARGET = 18.1;
				LOCALIZATION_PREFERS_STRING_CATALOGS = YES;
				MTL_ENABLE_DEBUG_INFO = INCLUDE_SOURCE;
				MTL_FAST_MATH = YES;
				ONLY_ACTIVE_ARCH = YES;
				SDKROOT = iphoneos;
				SWIFT_ACTIVE_COMPILATION_CONDITIONS = "DEBUG $(inherited)";
				SWIFT_OPTIMIZATION_LEVEL = "-Onone";
			};
			name = Debug;
		};
		ED93FF792CF3BD2E0048C4A1 /* Release */ = {
			isa = XCBuildConfiguration;
			buildSettings = {
				ALWAYS_SEARCH_USER_PATHS = NO;
				ASSETCATALOG_COMPILER_GENERATE_SWIFT_ASSET_SYMBOL_EXTENSIONS = YES;
				CLANG_ANALYZER_NONNULL = YES;
				CLANG_ANALYZER_NUMBER_OBJECT_CONVERSION = YES_AGGRESSIVE;
				CLANG_CXX_LANGUAGE_STANDARD = "gnu++20";
				CLANG_ENABLE_MODULES = YES;
				CLANG_ENABLE_OBJC_ARC = YES;
				CLANG_ENABLE_OBJC_WEAK = YES;
				CLANG_WARN_BLOCK_CAPTURE_AUTORELEASING = YES;
				CLANG_WARN_BOOL_CONVERSION = YES;
				CLANG_WARN_COMMA = YES;
				CLANG_WARN_CONSTANT_CONVERSION = YES;
				CLANG_WARN_DEPRECATED_OBJC_IMPLEMENTATIONS = YES;
				CLANG_WARN_DIRECT_OBJC_ISA_USAGE = YES_ERROR;
				CLANG_WARN_DOCUMENTATION_COMMENTS = YES;
				CLANG_WARN_EMPTY_BODY = YES;
				CLANG_WARN_ENUM_CONVERSION = YES;
				CLANG_WARN_INFINITE_RECURSION = YES;
				CLANG_WARN_INT_CONVERSION = YES;
				CLANG_WARN_NON_LITERAL_NULL_CONVERSION = YES;
				CLANG_WARN_OBJC_IMPLICIT_RETAIN_SELF = YES;
				CLANG_WARN_OBJC_LITERAL_CONVERSION = YES;
				CLANG_WARN_OBJC_ROOT_CLASS = YES_ERROR;
				CLANG_WARN_QUOTED_INCLUDE_IN_FRAMEWORK_HEADER = YES;
				CLANG_WARN_RANGE_LOOP_ANALYSIS = YES;
				CLANG_WARN_STRICT_PROTOTYPES = YES;
				CLANG_WARN_SUSPICIOUS_MOVE = YES;
				CLANG_WARN_UNGUARDED_AVAILABILITY = YES_AGGRESSIVE;
				CLANG_WARN_UNREACHABLE_CODE = YES;
				CLANG_WARN__DUPLICATE_METHOD_MATCH = YES;
				COPY_PHASE_STRIP = NO;
				DEBUG_INFORMATION_FORMAT = "dwarf-with-dsym";
				ENABLE_NS_ASSERTIONS = NO;
				ENABLE_STRICT_OBJC_MSGSEND = YES;
				ENABLE_USER_SCRIPT_SANDBOXING = YES;
				GCC_C_LANGUAGE_STANDARD = gnu17;
				GCC_NO_COMMON_BLOCKS = YES;
				GCC_WARN_64_TO_32_BIT_CONVERSION = YES;
				GCC_WARN_ABOUT_RETURN_TYPE = YES_ERROR;
				GCC_WARN_UNDECLARED_SELECTOR = YES;
				GCC_WARN_UNINITIALIZED_AUTOS = YES_AGGRESSIVE;
				GCC_WARN_UNUSED_FUNCTION = YES;
				GCC_WARN_UNUSED_VARIABLE = YES;
				IPHONEOS_DEPLOYMENT_TARGET = 18.1;
				LOCALIZATION_PREFERS_STRING_CATALOGS = YES;
				MTL_ENABLE_DEBUG_INFO = NO;
				MTL_FAST_MATH = YES;
				SDKROOT = iphoneos;
				SWIFT_COMPILATION_MODE = wholemodule;
				VALIDATE_PRODUCT = YES;
			};
			name = Release;
		};
		ED93FF7B2CF3BD2E0048C4A1 /* Debug */ = {
			isa = XCBuildConfiguration;
			buildSettings = {
				ASSETCATALOG_COMPILER_APPICON_NAME = AppIcon;
				ASSETCATALOG_COMPILER_GLOBAL_ACCENT_COLOR_NAME = AccentColor;
				CODE_SIGN_STYLE = Automatic;
				CURRENT_PROJECT_VERSION = 1;
				DEVELOPMENT_ASSET_PATHS = "\"AppFoundationsOfComputerScience/Preview Content\"";
				DEVELOPMENT_TEAM = 2Y48Z77HM3;
				ENABLE_PREVIEWS = YES;
				GENERATE_INFOPLIST_FILE = YES;
				INFOPLIST_KEY_UIApplicationSceneManifest_Generation = YES;
				INFOPLIST_KEY_UIApplicationSupportsIndirectInputEvents = YES;
				INFOPLIST_KEY_UILaunchScreen_Generation = YES;
				INFOPLIST_KEY_UISupportedInterfaceOrientations_iPad = "UIInterfaceOrientationPortrait UIInterfaceOrientationPortraitUpsideDown UIInterfaceOrientationLandscapeLeft UIInterfaceOrientationLandscapeRight";
				INFOPLIST_KEY_UISupportedInterfaceOrientations_iPhone = "UIInterfaceOrientationPortrait UIInterfaceOrientationLandscapeLeft UIInterfaceOrientationLandscapeRight";
				LD_RUNPATH_SEARCH_PATHS = (
					"$(inherited)",
					"@executable_path/Frameworks",
				);
				MARKETING_VERSION = 1.0;
				PRODUCT_BUNDLE_IDENTIFIER = com.example.AppFoundationsOfComputerScience;
				PRODUCT_NAME = "$(TARGET_NAME)";
				SWIFT_EMIT_LOC_STRINGS = YES;
				SWIFT_VERSION = 5.0;
				TARGETED_DEVICE_FAMILY = "1,2";
			};
			name = Debug;
		};
		ED93FF7C2CF3BD2E0048C4A1 /* Release */ = {
			isa = XCBuildConfiguration;
			buildSettings = {
				ASSETCATALOG_COMPILER_APPICON_NAME = AppIcon;
				ASSETCATALOG_COMPILER_GLOBAL_ACCENT_COLOR_NAME = AccentColor;
				CODE_SIGN_STYLE = Automatic;
				CURRENT_PROJECT_VERSION = 1;
				DEVELOPMENT_ASSET_PATHS = "\"AppFoundationsOfComputerScience/Preview Content\"";
				DEVELOPMENT_TEAM = 2Y48Z77HM3;
				ENABLE_PREVIEWS = YES;
				GENERATE_INFOPLIST_FILE = YES;
				INFOPLIST_KEY_UIApplicationSceneManifest_Generation = YES;
				INFOPLIST_KEY_UIApplicationSupportsIndirectInputEvents = YES;
				INFOPLIST_KEY_UILaunchScreen_Generation = YES;
				INFOPLIST_KEY_UISupportedInterfaceOrientations_iPad = "UIInterfaceOrientationPortrait UIInterfaceOrientationPortraitUpsideDown UIInterfaceOrientationLandscapeLeft UIInterfaceOrientationLandscapeRight";
				INFOPLIST_KEY_UISupportedInterfaceOrientations_iPhone = "UIInterfaceOrientationPortrait UIInterfaceOrientationLandscapeLeft UIInterfaceOrientationLandscapeRight";
				LD_RUNPATH_SEARCH_PATHS = (
					"$(inherited)",
					"@executable_path/Frameworks",
				);
				MARKETING_VERSION = 1.0;
				PRODUCT_BUNDLE_IDENTIFIER = com.example.AppFoundationsOfComputerScience;
				PRODUCT_NAME = "$(TARGET_NAME)";
				SWIFT_EMIT_LOC_STRINGS = YES;
				SWIFT_VERSION = 5.0;
				TARGETED_DEVICE_FAMILY = "1,2";
			};
			name = Release;
		};
		ED93FF7E2CF3BD2E0048C4A1 /* Debug */ = {
			isa = XCBuildConfiguration;
			buildSettings = {
				BUNDLE_LOADER = "$(TEST_HOST)";
				CODE_SIGN_STYLE = Automatic;
				CURRENT_PROJECT_VERSION = 1;
				DEVELOPMENT_TEAM = 2Y48Z77HM3;
				GENERATE_INFOPLIST_FILE = YES;
				IPHONEOS_DEPLOYMENT_TARGET = 18.1;
				MARKETING_VERSION = 1.0;
				PRODUCT_BUNDLE_IDENTIFIER = com.example.AppFoundationsOfComputerScienceTests;
				PRODUCT_NAME = "$(TARGET_NAME)";
				SWIFT_EMIT_LOC_STRINGS = NO;
				SWIFT_VERSION = 5.0;
				TARGETED_DEVICE_FAMILY = "1,2";
				TEST_HOST = "$(BUILT_PRODUCTS_DIR)/AppFoundationsOfComputerScience.app/$(BUNDLE_EXECUTABLE_FOLDER_PATH)/AppFoundationsOfComputerScience";
			};
			name = Debug;
		};
		ED93FF7F2CF3BD2E0048C4A1 /* Release */ = {
			isa = XCBuildConfiguration;
			buildSettings = {
				BUNDLE_LOADER = "$(TEST_HOST)";
				CODE_SIGN_STYLE = Automatic;
				CURRENT_PROJECT_VERSION = 1;
				DEVELOPMENT_TEAM = 2Y48Z77HM3;
				GENERATE_INFOPLIST_FILE = YES;
				IPHONEOS_DEPLOYMENT_TARGET = 18.1;
				MARKETING_VERSION = 1.0;
				PRODUCT_BUNDLE_IDENTIFIER = com.example.AppFoundationsOfComputerScienceTests;
				PRODUCT_NAME = "$(TARGET_NAME)";
				SWIFT_EMIT_LOC_STRINGS = NO;
				SWIFT_VERSION = 5.0;
				TARGETED_DEVICE_FAMILY = "1,2";
				TEST_HOST = "$(BUILT_PRODUCTS_DIR)/AppFoundationsOfComputerScience.app/$(BUNDLE_EXECUTABLE_FOLDER_PATH)/AppFoundationsOfComputerScience";
			};
			name = Release;
		};
		ED93FF812CF3BD2E0048C4A1 /* Debug */ = {
			isa = XCBuildConfiguration;
			buildSettings = {
				CODE_SIGN_STYLE = Automatic;
				CURRENT_PROJECT_VERSION = 1;
				DEVELOPMENT_TEAM = 2Y48Z77HM3;
				GENERATE_INFOPLIST_FILE = YES;
				MARKETING_VERSION = 1.0;
				PRODUCT_BUNDLE_IDENTIFIER = com.example.AppFoundationsOfComputerScienceUITests;
				PRODUCT_NAME = "$(TARGET_NAME)";
				SWIFT_EMIT_LOC_STRINGS = NO;
				SWIFT_VERSION = 5.0;
				TARGETED_DEVICE_FAMILY = "1,2";
				TEST_TARGET_NAME = AppFoundationsOfComputerScience;
			};
			name = Debug;
		};
		ED93FF822CF3BD2E0048C4A1 /* Release */ = {
			isa = XCBuildConfiguration;
			buildSettings = {
				CODE_SIGN_STYLE = Automatic;
				CURRENT_PROJECT_VERSION = 1;
				DEVELOPMENT_TEAM = 2Y48Z77HM3;
				GENERATE_INFOPLIST_FILE = YES;
				MARKETING_VERSION = 1.0;
				PRODUCT_BUNDLE_IDENTIFIER = com.example.AppFoundationsOfComputerScienceUITests;
				PRODUCT_NAME = "$(TARGET_NAME)";
				SWIFT_EMIT_LOC_STRINGS = NO;
				SWIFT_VERSION = 5.0;
				TARGETED_DEVICE_FAMILY = "1,2";
				TEST_TARGET_NAME = AppFoundationsOfComputerScience;
			};
			name = Release;
		};
/* End XCBuildConfiguration section */

/* Begin XCConfigurationList section */
		ED93FF512CF3BD2B0048C4A1 /* Build configuration list for PBXProject "AppFoundationsOfComputerScience" */ = {
			isa = XCConfigurationList;
			buildConfigurations = (
				ED93FF782CF3BD2E0048C4A1 /* Debug */,
				ED93FF792CF3BD2E0048C4A1 /* Release */,
			);
			defaultConfigurationIsVisible = 0;
			defaultConfigurationName = Release;
		};
		ED93FF7A2CF3BD2E0048C4A1 /* Build configuration list for PBXNativeTarget "AppFoundationsOfComputerScience" */ = {
			isa = XCConfigurationList;
			buildConfigurations = (
				ED93FF7B2CF3BD2E0048C4A1 /* Debug */,
				ED93FF7C2CF3BD2E0048C4A1 /* Release */,
			);
			defaultConfigurationIsVisible = 0;
			defaultConfigurationName = Release;
		};
		ED93FF7D2CF3BD2E0048C4A1 /* Build configuration list for PBXNativeTarget "AppFoundationsOfComputerScienceTests" */ = {
			isa = XCConfigurationList;
			buildConfigurations = (
				ED93FF7E2CF3BD2E0048C4A1 /* Debug */,
				ED93FF7F2CF3BD2E0048C4A1 /* Release */,
			);
			defaultConfigurationIsVisible = 0;
			defaultConfigurationName = Release;
		};
		ED93FF802CF3BD2E0048C4A1 /* Build configuration list for PBXNativeTarget "AppFoundationsOfComputerScienceUITests" */ = {
			isa = XCConfigurationList;
			buildConfigurations = (
				ED93FF812CF3BD2E0048C4A1 /* Debug */,
				ED93FF822CF3BD2E0048C4A1 /* Release */,
			);
			defaultConfigurationIsVisible = 0;
			defaultConfigurationName = Release;
		};
/* End XCConfigurationList section */
	};
	rootObject = ED93FF4E2CF3BD2B0048C4A1 /* Project object */;
}
